
Microsoft Visual Studio Solution File, Format Version 12.00
# Visual Studio Version 17
VisualStudioVersion = 17.10.35013.160
MinimumVisualStudioVersion = 10.0.40219.1
Project("{9A19103F-16F7-4668-BE54-9A1E7A4F7556}") = "Adroit.Services.TinyUrl.Repository", "Adroit.Services.TinyUrl.Repository\Adroit.Services.TinyUrl.Repository.csproj", "{0FEC280B-E95E-4712-9DA1-D4C35388E452}"
EndProject
Project("{9A19103F-16F7-4668-BE54-9A1E7A4F7556}") = "Adroit.Services.TinyUrl.UrlGenerator", "Adroit.Services.TinyUrl.UrlGenerator\Adroit.Services.TinyUrl.UrlGenerator.csproj", "{4631E7BC-0AE2-484A-AEC4-D48DD21AB593}"
EndProject
Project("{9A19103F-16F7-4668-BE54-9A1E7A4F7556}") = "Adroit.Services.TinyUrl.Statistics", "Adroit.Services.TinyUrl.Statistics\Adroit.Services.TinyUrl.Statistics.csproj", "{CA1FC2FE-F99C-446A-816B-8491539FA3E3}"
EndProject
Project("{9A19103F-16F7-4668-BE54-9A1E7A4F7556}") = "Adroit.Services.TinyUrl.Statistics.Store", "Adroit.Services.TinyUrl.Statistics.Store\Adroit.Services.TinyUrl.Statistics.Store.csproj", "{B55D1079-30D5-482E-8679-265CDB4D3669}"
EndProject
Project("{9A19103F-16F7-4668-BE54-9A1E7A4F7556}") = "Adroit.Services.TinyUrl", "Adroit.Services.TinyUrl\Adroit.Services.TinyUrl.csproj", "{5504E074-CBEC-46B8-805C-4A793FB5AA5C}"
EndProject
Project("{9A19103F-16F7-4668-BE54-9A1E7A4F7556}") = "Adroit.Services.TinyUrl.Tests", "Adroit.Services.TinyUrl.Tests\Adroit.Services.TinyUrl.Tests.csproj", "{C0A5BCF5-A60E-4B14-8C22-297430176747}"
EndProject
Project("{9A19103F-16F7-4668-BE54-9A1E7A4F7556}") = "Adroit.Services.TinyUrl.Statistics.Tests", "Adroit.Services.TinyUrl.Statistics.Tests\Adroit.Services.TinyUrl.Statistics.Tests.csproj", "{EE25AC24-6F12-47C5-A125-ED518DE4937C}"
EndProject
Project("{9A19103F-16F7-4668-BE54-9A1E7A4F7556}") = "Adroid.Serivces.Common", "Adroid.Serivces.Common\Adroid.Serivces.Common.csproj", "{56536019-F816-430B-BC54-BFE021CBD44D}"
EndProject
Project("{2150E333-8FDC-42A3-9474-1A3956D46DE8}") = "Solution Items", "Solution Items", "{65551EB7-57BD-4891-AA8E-E3B5ED6D08BA}"
	ProjectSection(SolutionItems) = preProject
		README.md = README.md
	EndProjectSection
EndProject
Project("{9A19103F-16F7-4668-BE54-9A1E7A4F7556}") = "Adroit.Services.TinyUrl.Validation", "Adroit.Services.TinyUrl.Validation\Adroit.Services.TinyUrl.Validation.csproj", "{F2CEFDD7-F740-4858-826B-A1F369CD2C7E}"
EndProject
Project("{9A19103F-16F7-4668-BE54-9A1E7A4F7556}") = "Adroit.Services.TinyUrl.Console", "Adroit.Services.TinyUrl.Console\Adroit.Services.TinyUrl.Console.csproj", "{482B1509-A041-48DE-B503-1345852E1067}"
EndProject
Global
	GlobalSection(SolutionConfigurationPlatforms) = preSolution
		Debug|Any CPU = Debug|Any CPU
		Release|Any CPU = Release|Any CPU
	EndGlobalSection
	GlobalSection(ProjectConfigurationPlatforms) = postSolution
		{0FEC280B-E95E-4712-9DA1-D4C35388E452}.Debug|Any CPU.ActiveCfg = Debug|Any CPU
		{0FEC280B-E95E-4712-9DA1-D4C35388E452}.Debug|Any CPU.Build.0 = Debug|Any CPU
		{0FEC280B-E95E-4712-9DA1-D4C35388E452}.Release|Any CPU.ActiveCfg = Release|Any CPU
		{0FEC280B-E95E-4712-9DA1-D4C35388E452}.Release|Any CPU.Build.0 = Release|Any CPU
		{4631E7BC-0AE2-484A-AEC4-D48DD21AB593}.Debug|Any CPU.ActiveCfg = Debug|Any CPU
		{4631E7BC-0AE2-484A-AEC4-D48DD21AB593}.Debug|Any CPU.Build.0 = Debug|Any CPU
		{4631E7BC-0AE2-484A-AEC4-D48DD21AB593}.Release|Any CPU.ActiveCfg = Release|Any CPU
		{4631E7BC-0AE2-484A-AEC4-D48DD21AB593}.Release|Any CPU.Build.0 = Release|Any CPU
		{CA1FC2FE-F99C-446A-816B-8491539FA3E3}.Debug|Any CPU.ActiveCfg = Debug|Any CPU
		{CA1FC2FE-F99C-446A-816B-8491539FA3E3}.Debug|Any CPU.Build.0 = Debug|Any CPU
		{CA1FC2FE-F99C-446A-816B-8491539FA3E3}.Release|Any CPU.ActiveCfg = Release|Any CPU
		{CA1FC2FE-F99C-446A-816B-8491539FA3E3}.Release|Any CPU.Build.0 = Release|Any CPU
		{B55D1079-30D5-482E-8679-265CDB4D3669}.Debug|Any CPU.ActiveCfg = Debug|Any CPU
		{B55D1079-30D5-482E-8679-265CDB4D3669}.Debug|Any CPU.Build.0 = Debug|Any CPU
		{B55D1079-30D5-482E-8679-265CDB4D3669}.Release|Any CPU.ActiveCfg = Release|Any CPU
		{B55D1079-30D5-482E-8679-265CDB4D3669}.Release|Any CPU.Build.0 = Release|Any CPU
		{5504E074-CBEC-46B8-805C-4A793FB5AA5C}.Debug|Any CPU.ActiveCfg = Debug|Any CPU
		{5504E074-CBEC-46B8-805C-4A793FB5AA5C}.Debug|Any CPU.Build.0 = Debug|Any CPU
		{5504E074-CBEC-46B8-805C-4A793FB5AA5C}.Release|Any CPU.ActiveCfg = Release|Any CPU
		{5504E074-CBEC-46B8-805C-4A793FB5AA5C}.Release|Any CPU.Build.0 = Release|Any CPU
		{C0A5BCF5-A60E-4B14-8C22-297430176747}.Debug|Any CPU.ActiveCfg = Debug|Any CPU
		{C0A5BCF5-A60E-4B14-8C22-297430176747}.Debug|Any CPU.Build.0 = Debug|Any CPU
		{C0A5BCF5-A60E-4B14-8C22-297430176747}.Release|Any CPU.ActiveCfg = Release|Any CPU
		{C0A5BCF5-A60E-4B14-8C22-297430176747}.Release|Any CPU.Build.0 = Release|Any CPU
		{EE25AC24-6F12-47C5-A125-ED518DE4937C}.Debug|Any CPU.ActiveCfg = Debug|Any CPU
		{EE25AC24-6F12-47C5-A125-ED518DE4937C}.Debug|Any CPU.Build.0 = Debug|Any CPU
		{EE25AC24-6F12-47C5-A125-ED518DE4937C}.Release|Any CPU.ActiveCfg = Release|Any CPU
		{EE25AC24-6F12-47C5-A125-ED518DE4937C}.Release|Any CPU.Build.0 = Release|Any CPU
		{56536019-F816-430B-BC54-BFE021CBD44D}.Debug|Any CPU.ActiveCfg = Debug|Any CPU
		{56536019-F816-430B-BC54-BFE021CBD44D}.Debug|Any CPU.Build.0 = Debug|Any CPU
		{56536019-F816-430B-BC54-BFE021CBD44D}.Release|Any CPU.ActiveCfg = Release|Any CPU
		{56536019-F816-430B-BC54-BFE021CBD44D}.Release|Any CPU.Build.0 = Release|Any CPU
		{F2CEFDD7-F740-4858-826B-A1F369CD2C7E}.Debug|Any CPU.ActiveCfg = Debug|Any CPU
		{F2CEFDD7-F740-4858-826B-A1F369CD2C7E}.Debug|Any CPU.Build.0 = Debug|Any CPU
		{F2CEFDD7-F740-4858-826B-A1F369CD2C7E}.Release|Any CPU.ActiveCfg = Release|Any CPU
		{F2CEFDD7-F740-4858-826B-A1F369CD2C7E}.Release|Any CPU.Build.0 = Release|Any CPU
		{482B1509-A041-48DE-B503-1345852E1067}.Debug|Any CPU.ActiveCfg = Debug|Any CPU
		{482B1509-A041-48DE-B503-1345852E1067}.Debug|Any CPU.Build.0 = Debug|Any CPU
		{482B1509-A041-48DE-B503-1345852E1067}.Release|Any CPU.ActiveCfg = Release|Any CPU
		{482B1509-A041-48DE-B503-1345852E1067}.Release|Any CPU.Build.0 = Release|Any CPU
	EndGlobalSection
	GlobalSection(SolutionProperties) = preSolution
		HideSolutionNode = FALSE
	EndGlobalSection
	GlobalSection(ExtensibilityGlobals) = postSolution
		SolutionGuid = {2C018B54-914B-4989-AA72-8749BC08401D}
	EndGlobalSection
EndGlobal
